// !$*UTF8*$!
{
	archiveVersion = 1;
	classes = {
	};
	objectVersion = 56;
	objects = {

/* Begin PBXBuildFile section */
		0200000000000000000000A1 /* VitesApp.swift in Sources */ = {isa = PBXBuildFile; fileRef = 0100000000000000000000A1 /* VitesApp.swift */; };
		0200000000000000000000A2 /* Models.swift in Sources */ = {isa = PBXBuildFile; fileRef = 0100000000000000000000A2 /* Models.swift */; };
		0200000000000000000000A3 /* Theme.swift in Sources */ = {isa = PBXBuildFile; fileRef = 0100000000000000000000A3 /* Theme.swift */; };
		0200000000000000000000A4 /* Components.swift in Sources */ = {isa = PBXBuildFile; fileRef = 0100000000000000000000A4 /* Components.swift */; };
		0200000000000000000000A5 /* Mascot.swift in Sources */ = {isa = PBXBuildFile; fileRef = 0100000000000000000000A5 /* Mascot.swift */; };
		0200000000000000000000A6 /* RootView.swift in Sources */ = {isa = PBXBuildFile; fileRef = 0100000000000000000000A6 /* RootView.swift */; };
		0200000000000000000000A7 /* VitesScreen.swift in Sources */ = {isa = PBXBuildFile; fileRef = 0100000000000000000000A7 /* VitesScreen.swift */; };
		0200000000000000000000A8 /* DiscoverView.swift in Sources */ = {isa = PBXBuildFile; fileRef = 0100000000000000000000A8 /* DiscoverView.swift */; };
		0200000000000000000000A9 /* BriefsView.swift in Sources */ = {isa = PBXBuildFile; fileRef = 0100000000000000000000A9 /* BriefsView.swift */; };
		0200000000000000000000AA /* ReviewView.swift in Sources */ = {isa = PBXBuildFile; fileRef = 0100000000000000000000AA /* ReviewView.swift */; };
		0200000000000000000000AB /* AgentsView.swift in Sources */ = {isa = PBXBuildFile; fileRef = 0100000000000000000000AB /* AgentsView.swift */; };
		0200000000000000000000AC /* LibraryView.swift in Sources */ = {isa = PBXBuildFile; fileRef = 0100000000000000000000AC /* LibraryView.swift */; };
		0200000000000000000000AE /* Assets.xcassets in Resources */ = {isa = PBXBuildFile; fileRef = 0100000000000000000000AE /* Assets.xcassets */; };
		0200000000000000000000AF /* Preview Assets.xcassets in Resources */ = {isa = PBXBuildFile; fileRef = 0100000000000000000000AF /* Preview Assets.xcassets */; };
/* End PBXBuildFile section */

/* Begin PBXFileReference section */
		0100000000000000000000A1 /* VitesApp.swift */ = {isa = PBXFileReference; lastKnownFileType = sourcecode.swift; path = VitesApp.swift; sourceTree = "<group>"; };
		0100000000000000000000A2 /* Models.swift */ = {isa = PBXFileReference; lastKnownFileType = sourcecode.swift; path = Models.swift; sourceTree = "<group>"; };
		0100000000000000000000A3 /* Theme.swift */ = {isa = PBXFileReference; lastKnownFileType = sourcecode.swift; path = Theme.swift; sourceTree = "<group>"; };
		0100000000000000000000A4 /* Components.swift */ = {isa = PBXFileReference; lastKnownFileType = sourcecode.swift; path = Components.swift; sourceTree = "<group>"; };
		0100000000000000000000A5 /* Mascot.swift */ = {isa = PBXFileReference; lastKnownFileType = sourcecode.swift; path = Mascot.swift; sourceTree = "<group>"; };
		0100000000000000000000A6 /* RootView.swift */ = {isa = PBXFileReference; lastKnownFileType = sourcecode.swift; path = RootView.swift; sourceTree = "<group>"; };
		0100000000000000000000A7 /* VitesScreen.swift */ = {isa = PBXFileReference; lastKnownFileType = sourcecode.swift; path = VitesScreen.swift; sourceTree = "<group>"; };
		0100000000000000000000A8 /* DiscoverView.swift */ = {isa = PBXFileReference; lastKnownFileType = sourcecode.swift; path = DiscoverView.swift; sourceTree = "<group>"; };
		0100000000000000000000A9 /* BriefsView.swift */ = {isa = PBXFileReference; lastKnownFileType = sourcecode.swift; path = BriefsView.swift; sourceTree = "<group>"; };
		0100000000000000000000AA /* ReviewView.swift */ = {isa = PBXFileReference; lastKnownFileType = sourcecode.swift; path = ReviewView.swift; sourceTree = "<group>"; };
		0100000000000000000000AB /* AgentsView.swift */ = {isa = PBXFileReference; lastKnownFileType = sourcecode.swift; path = AgentsView.swift; sourceTree = "<group>"; };
		0100000000000000000000AC /* LibraryView.swift */ = {isa = PBXFileReference; lastKnownFileType = sourcecode.swift; path = LibraryView.swift; sourceTree = "<group>"; };
		0100000000000000000000AE /* Assets.xcassets */ = {isa = PBXFileReference; lastKnownFileType = folder.assetcatalog; path = Assets.xcassets; sourceTree = "<group>"; };
		0100000000000000000000AF /* Preview Assets.xcassets */ = {isa = PBXFileReference; lastKnownFileType = folder.assetcatalog; path = "Preview Assets.xcassets"; sourceTree = "<group>"; };
		0100000000000000000000B0 /* Vites.app */ = {isa = PBXFileReference; explicitFileType = wrapper.application; includeInIndex = 0; path = Vites.app; sourceTree = BUILT_PRODUCTS_DIR; };
		0100000000000000000001A8 /* Info.plist */ = {isa = PBXFileReference; lastKnownFileType = text.plist.xml; path = Info.plist; sourceTree = "<group>"; };
		0100000000000000000001A9 /* Vites.entitlements */ = {isa = PBXFileReference; lastKnownFileType = text.plist.entitlements; path = Vites.entitlements; sourceTree = "<group>"; };
/* End PBXFileReference section */

/* Begin PBXFrameworksBuildPhase section */
		0400000000000000000000C3 /* Frameworks */ = {
			isa = PBXFrameworksBuildPhase;
			buildActionMask = 2147483647;
			files = (
			);
			runOnlyForDeploymentPostprocessing = 0;
		};
/* End PBXFrameworksBuildPhase section */

/* Begin PBXGroup section */
		0300000000000000000000B1 /* Main */ = {
			isa = PBXGroup;
			children = (
				0300000000000000000000B3 /* Vites */,
				0300000000000000000000B2 /* Products */,
			);
			sourceTree = "<group>";
		};
		0300000000000000000000B2 /* Products */ = {
			isa = PBXGroup;
			children = (
				0100000000000000000000B0 /* Vites.app */,
			);
			name = Products;
			sourceTree = "<group>";
		};
		0300000000000000000000B3 /* Vites */ = {
			isa = PBXGroup;
			children = (
				0100000000000000000000A1 /* VitesApp.swift */,
				0300000000000000000000B4 /* Models */,
				0300000000000000000000B5 /* DesignSystem */,
				0300000000000000000000B8 /* Views */,
				0100000000000000000001A8 /* Info.plist */,
				0100000000000000000001A9 /* Vites.entitlements */,
				0100000000000000000000AE /* Assets.xcassets */,
				0300000000000000000000B9 /* Preview Content */,
			);
			path = Vites;
			sourceTree = "<group>";
		};
		0300000000000000000000B4 /* Models */ = {
			isa = PBXGroup;
			children = (
				0100000000000000000000A2 /* Models.swift */,
			);
			path = Models;
			sourceTree = "<group>";
		};
		0300000000000000000000B5 /* DesignSystem */ = {
			isa = PBXGroup;
			children = (
				0100000000000000000000A3 /* Theme.swift */,
				0100000000000000000000A4 /* Components.swift */,
				0100000000000000000000A5 /* Mascot.swift */,
			);
			path = DesignSystem;
			sourceTree = "<group>";
		};
		0300000000000000000000B8 /* Views */ = {
			isa = PBXGroup;
			children = (
				0100000000000000000000A6 /* RootView.swift */,
				0100000000000000000000A7 /* VitesScreen.swift */,
				0100000000000000000000A8 /* DiscoverView.swift */,
				0100000000000000000000A9 /* BriefsView.swift */,
				0100000000000000000000AA /* ReviewView.swift */,
				0100000000000000000000AB /* AgentsView.swift */,
				0100000000000000000000AC /* LibraryView.swift */,
			);
			path = Views;
			sourceTree = "<group>";
		};
		0300000000000000000000B9 /* Preview Content */ = {
			isa = PBXGroup;
			children = (
				0100000000000000000000AF /* Preview Assets.xcassets */,
			);
			path = "Preview Content";
			sourceTree = "<group>";
		};
/* End PBXGroup section */

/* Begin PBXNativeTarget section */
		0700000000000000000000D1 /* Vites */ = {
			isa = PBXNativeTarget;
			buildConfigurationList = 0600000000000000000000E2 /* Build configuration list for PBXNativeTarget "Vites" */;
			buildPhases = (
				0400000000000000000000C1 /* Sources */,
				0400000000000000000000C3 /* Frameworks */,
				0400000000000000000000C2 /* Resources */,
			);
			buildRules = (
			);
			dependencies = (
			);
			name = Vites;
			productName = Vites;
			productReference = 0100000000000000000000B0 /* Vites.app */;
			productType = "com.apple.product-type.application";
		};
/* End PBXNativeTarget section */

/* Begin PBXProject section */
		0800000000000000000000F1 /* Project object */ = {
			isa = PBXProject;
			attributes = {
				BuildIndependentTargetsInParallel = 1;
				LastSwiftUpdateCheck = 1500;
				LastUpgradeCheck = 1500;
				TargetAttributes = {
					0700000000000000000000D1 = {
						CreatedOnToolsVersion = 15.0;
					};
				};
			};
			buildConfigurationList = 0600000000000000000000E1 /* Build configuration list for PBXProject "Vites" */;
			compatibilityVersion = "Xcode 14.0";
			developmentRegion = en;
			hasScannedForEncodings = 0;
			knownRegions = (
				en,
				Base,
			);
			mainGroup = 0300000000000000000000B1;
			productRefGroup = 0300000000000000000000B2 /* Products */;
			projectDirPath = "";
			projectRoot = "";
			targets = (
				0700000000000000000000D1 /* Vites */,
			);
		};
/* End PBXProject section */

/* Begin PBXResourcesBuildPhase section */
		0400000000000000000000C2 /* Resources */ = {
			isa = PBXResourcesBuildPhase;
			buildActionMask = 2147483647;
			files = (
				0200000000000000000000AF /* Preview Assets.xcassets in Resources */,
				0200000000000000000000AE /* Assets.xcassets in Resources */,
			);
			runOnlyForDeploymentPostprocessing = 0;
		};
/* End PBXResourcesBuildPhase section */

/* Begin PBXSourcesBuildPhase section */
		0400000000000000000000C1 /* Sources */ = {
			isa = PBXSourcesBuildPhase;
			buildActionMask = 2147483647;
			files = (
				0200000000000000000000A1 /* VitesApp.swift in Sources */,
				0200000000000000000000A2 /* Models.swift in Sources */,
				0200000000000000000000A3 /* Theme.swift in Sources */,
				0200000000000000000000A4 /* Components.swift in Sources */,
				0200000000000000000000A5 /* Mascot.swift in Sources */,
				0200000000000000000000A6 /* RootView.swift in Sources */,
				0200000000000000000000A7 /* VitesScreen.swift in Sources */,
				0200000000000000000000A8 /* DiscoverView.swift in Sources */,
				0200000000000000000000A9 /* BriefsView.swift in Sources */,
				0200000000000000000000AA /* ReviewView.swift in Sources */,
				0200000000000000000000AB /* AgentsView.swift in Sources */,
				0200000000000000000000AC /* LibraryView.swift in Sources */,
			);
			runOnlyForDeploymentPostprocessing = 0;
		};
/* End PBXSourcesBuildPhase section */

/* Begin XCBuildConfiguration section */
		0500000000000000000000E3 /* Debug */ = {
			isa = XCBuildConfiguration;
			buildSettings = {
				ALWAYS_SEARCH_USER_PATHS = NO;
				ASSETCATALOG_COMPILER_GENERATE_SWIFT_ASSET_SYMBOL_EXTENSIONS = YES;
				CLANG_ANALYZER_NONNULL = YES;
				CLANG_ANALYZER_NUMBER_OBJECT_CONVERSION = YES_AGGRESSIVE;
				CLANG_CXX_LANGUAGE_STANDARD = "gnu++20";
				CLANG_ENABLE_MODULES = YES;
				CLANG_ENABLE_OBJC_ARC = YES;
				CLANG_ENABLE_OBJC_WEAK = YES;
				CLANG_WARN_BLOCK_CAPTURE_AUTORELEASING = YES;
				CLANG_WARN_BOOL_CONVERSION = YES;
				CLANG_WARN_COMMA = YES;
				CLANG_WARN_CONSTANT_CONVERSION = YES;
				CLANG_WARN_DEPRECATED_OBJC_IMPLEMENTATIONS = YES;
				CLANG_WARN_DIRECT_OBJC_ISA_USAGE = YES_ERROR;
				CLANG_WARN_DOCUMENTATION_COMMENTS = YES;
				CLANG_WARN_EMPTY_BODY = YES;
				CLANG_WARN_ENUM_CONVERSION = YES;
				CLANG_WARN_INFINITE_RECURSION = YES;
				CLANG_WARN_INT_CONVERSION = YES;
				CLANG_WARN_NON_LITERAL_NULL_CONVERSION = YES;
				CLANG_WARN_OBJC_IMPLICIT_RETAIN_SELF = YES;
				CLANG_WARN_OBJC_LITERAL_CONVERSION = YES;
				CLANG_WARN_OBJC_ROOT_CLASS = YES_ERROR;
				CLANG_WARN_QUOTED_INCLUDE_IN_FRAMEWORK_HEADER = YES;
				CLANG_WARN_RANGE_LOOP_ANALYSIS = YES;
				CLANG_WARN_STRICT_PROTOTYPES = YES;
				CLANG_WARN_SUSPICIOUS_MOVE = YES;
				CLANG_WARN_UNGUARDED_AVAILABILITY = YES_AGGRESSIVE;
				CLANG_WARN_UNREACHABLE_CODE = YES;
				CLANG_WARN__DUPLICATE_METHOD_MATCH = YES;
				COPY_PHASE_STRIP = NO;
				DEBUG_INFORMATION_FORMAT = dwarf;
				ENABLE_STRICT_OBJC_MSGSEND = YES;
				ENABLE_TESTABILITY = YES;
				ENABLE_USER_SCRIPT_SANDBOXING = YES;
				GCC_C_LANGUAGE_STANDARD = gnu17;
				GCC_DYNAMIC_NO_PIC = NO;
				GCC_NO_COMMON_BLOCKS = YES;
				GCC_OPTIMIZATION_LEVEL = 0;
				GCC_PREPROCESSOR_DEFINITIONS = (
					"DEBUG=1",
					"$(inherited)",
				);
				GCC_WARN_64_TO_32_BIT_CONVERSION = YES;
				GCC_WARN_ABOUT_RETURN_TYPE = YES_ERROR;
				GCC_WARN_UNDECLARED_SELECTOR = YES;
				GCC_WARN_UNINITIALIZED_AUTOS = YES_AGGRESSIVE;
				GCC_WARN_UNUSED_FUNCTION = YES;
				GCC_WARN_UNUSED_VARIABLE = YES;
				IPHONEOS_DEPLOYMENT_TARGET = 16.0;
				LOCALIZATION_PREFERS_STRING_CATALOGS = YES;
				MTL_ENABLE_DEBUG_INFO = INCLUDE_SOURCE;
				MTL_FAST_MATH = YES;
				ONLY_ACTIVE_ARCH = YES;
				SDKROOT = iphoneos;
				SWIFT_ACTIVE_COMPILATION_CONDITIONS = "DEBUG $(inherited)";
				SWIFT_OPTIMIZATION_LEVEL = "-Onone";
			};
			name = Debug;
		};
		0500000000000000000000E4 /* Release */ = {
			isa = XCBuildConfiguration;
			buildSettings = {
				ALWAYS_SEARCH_USER_PATHS = NO;
				ASSETCATALOG_COMPILER_GENERATE_SWIFT_ASSET_SYMBOL_EXTENSIONS = YES;
				CLANG_ANALYZER_NONNULL = YES;
				CLANG_ANALYZER_NUMBER_OBJECT_CONVERSION = YES_AGGRESSIVE;
				CLANG_CXX_LANGUAGE_STANDARD = "gnu++20";
				CLANG_ENABLE_MODULES = YES;
				CLANG_ENABLE_OBJC_ARC = YES;
				CLANG_ENABLE_OBJC_WEAK = YES;
				CLANG_WARN_BLOCK_CAPTURE_AUTORELEASING = YES;
				CLANG_WARN_BOOL_CONVERSION = YES;
				CLANG_WARN_COMMA = YES;
				CLANG_WARN_CONSTANT_CONVERSION = YES;
				CLANG_WARN_DEPRECATED_OBJC_IMPLEMENTATIONS = YES;
				CLANG_WARN_DIRECT_OBJC_ISA_USAGE = YES_ERROR;
				CLANG_WARN_DOCUMENTATION_COMMENTS = YES;
				CLANG_WARN_EMPTY_BODY = YES;
				CLANG_WARN_ENUM_CONVERSION = YES;
				CLANG_WARN_INFINITE_RECURSION = YES;
				CLANG_WARN_INT_CONVERSION = YES;
				CLANG_WARN_NON_LITERAL_NULL_CONVERSION = YES;
				CLANG_WARN_OBJC_IMPLICIT_RETAIN_SELF = YES;
				CLANG_WARN_OBJC_LITERAL_CONVERSION = YES;
				CLANG_WARN_OBJC_ROOT_CLASS = YES_ERROR;
				CLANG_WARN_QUOTED_INCLUDE_IN_FRAMEWORK_HEADER = YES;
				CLANG_WARN_RANGE_LOOP_ANALYSIS = YES;
				CLANG_WARN_STRICT_PROTOTYPES = YES;
				CLANG_WARN_SUSPICIOUS_MOVE = YES;
				CLANG_WARN_UNGUARDED_AVAILABILITY = YES_AGGRESSIVE;
				CLANG_WARN_UNREACHABLE_CODE = YES;
				CLANG_WARN__DUPLICATE_METHOD_MATCH = YES;
				COPY_PHASE_STRIP = NO;
				DEBUG_INFORMATION_FORMAT = "dwarf-with-dsym";
				ENABLE_NS_ASSERTIONS = NO;
				ENABLE_STRICT_OBJC_MSGSEND = YES;
				ENABLE_USER_SCRIPT_SANDBOXING = YES;
				GCC_C_LANGUAGE_STANDARD = gnu17;
				GCC_NO_COMMON_BLOCKS = YES;
				GCC_WARN_64_TO_32_BIT_CONVERSION = YES;
				GCC_WARN_ABOUT_RETURN_TYPE = YES_ERROR;
				GCC_WARN_UNDECLARED_SELECTOR = YES;
				GCC_WARN_UNINITIALIZED_AUTOS = YES_AGGRESSIVE;
				GCC_WARN_UNUSED_FUNCTION = YES;
				GCC_WARN_UNUSED_VARIABLE = YES;
				IPHONEOS_DEPLOYMENT_TARGET = 16.0;
				LOCALIZATION_PREFERS_STRING_CATALOGS = YES;
				MTL_ENABLE_DEBUG_INFO = NO;
				MTL_FAST_MATH = YES;
				SDKROOT = iphoneos;
				SWIFT_COMPILATION_MODE = wholemodule;
				VALIDATE_PRODUCT = YES;
			};
			name = Release;
		};
		0500000000000000000000E5 /* Debug */ = {
			isa = XCBuildConfiguration;
			buildSettings = {
				ASSETCATALOG_COMPILER_APPICON_NAME = AppIcon;
				ASSETCATALOG_COMPILER_GLOBAL_ACCENT_COLOR_NAME = AccentColor;
				CODE_SIGN_ENTITLEMENTS = Vites/Vites.entitlements;
				CODE_SIGN_STYLE = Automatic;
				CURRENT_PROJECT_VERSION = 1;
				DEVELOPMENT_ASSET_PATHS = "\"Vites/Preview Content\"";
				ENABLE_PREVIEWS = YES;
				GENERATE_INFOPLIST_FILE = NO;
				INFOPLIST_FILE = Vites/Info.plist;
				LD_RUNPATH_SEARCH_PATHS = (
					"$(inherited)",
					"@executable_path/Frameworks",
				);
				MARKETING_VERSION = 0.1.0;
				PRODUCT_BUNDLE_IDENTIFIER = app.vites.Vites;
				PRODUCT_NAME = "$(TARGET_NAME)";
				SWIFT_EMIT_LOC_STRINGS = YES;
				SWIFT_VERSION = 5.0;
				TARGETED_DEVICE_FAMILY = "1,2";
			};
			name = Debug;
		};
		0500000000000000000000E6 /* Release */ = {
			isa = XCBuildConfiguration;
			buildSettings = {
				ASSETCATALOG_COMPILER_APPICON_NAME = AppIcon;
				ASSETCATALOG_COMPILER_GLOBAL_ACCENT_COLOR_NAME = AccentColor;
				CODE_SIGN_ENTITLEMENTS = Vites/Vites.entitlements;
				CODE_SIGN_STYLE = Automatic;
				CURRENT_PROJECT_VERSION = 1;
				DEVELOPMENT_ASSET_PATHS = "\"Vites/Preview Content\"";
				ENABLE_PREVIEWS = YES;
				GENERATE_INFOPLIST_FILE = NO;
				INFOPLIST_FILE = Vites/Info.plist;
				LD_RUNPATH_SEARCH_PATHS = (
					"$(inherited)",
					"@executable_path/Frameworks",
				);
				MARKETING_VERSION = 0.1.0;
				PRODUCT_BUNDLE_IDENTIFIER = app.vites.Vites;
				PRODUCT_NAME = "$(TARGET_NAME)";
				SWIFT_EMIT_LOC_STRINGS = YES;
				SWIFT_VERSION = 5.0;
				TARGETED_DEVICE_FAMILY = "1,2";
			};
			name = Release;
		};
/* End XCBuildConfiguration section */

/* Begin XCConfigurationList section */
		0600000000000000000000E1 /* Build configuration list for PBXProject "Vites" */ = {
			isa = XCConfigurationList;
			buildConfigurations = (
				0500000000000000000000E3 /* Debug */,
				0500000000000000000000E4 /* Release */,
			);
			defaultConfigurationIsVisible = 0;
			defaultConfigurationName = Release;
		};
		0600000000000000000000E2 /* Build configuration list for PBXNativeTarget "Vites" */ = {
			isa = XCConfigurationList;
			buildConfigurations = (
				0500000000000000000000E5 /* Debug */,
				0500000000000000000000E6 /* Release */,
			);
			defaultConfigurationIsVisible = 0;
			defaultConfigurationName = Release;
		};
/* End XCConfigurationList section */
	};
	rootObject = 0800000000000000000000F1 /* Project object */;
}
